// !$*UTF8*$!
{
	archiveVersion = 1;
	classes = {
	};
	objectVersion = 56;
	objects = {

/* Begin PBXBuildFile section */
		9F0A25E929CC1A880014AD6B /* ChooseMyRecipeApp.swift in Sources */ = {isa = PBXBuildFile; fileRef = 9F0A25E829CC1A880014AD6B /* ChooseMyRecipeApp.swift */; };
		9F0A25EB29CC1A880014AD6B /* ContentView.swift in Sources */ = {isa = PBXBuildFile; fileRef = 9F0A25EA29CC1A880014AD6B /* ContentView.swift */; };
		9F0A25ED29CC1A8B0014AD6B /* Assets.xcassets in Resources */ = {isa = PBXBuildFile; fileRef = 9F0A25EC29CC1A8B0014AD6B /* Assets.xcassets */; };
		9F0A25F029CC1A8B0014AD6B /* Preview Assets.xcassets in Resources */ = {isa = PBXBuildFile; fileRef = 9F0A25EF29CC1A8B0014AD6B /* Preview Assets.xcassets */; };
		9F0A25F929CCF3EF0014AD6B /* FavoritesView.swift in Sources */ = {isa = PBXBuildFile; fileRef = 9F0A25F829CCF3EF0014AD6B /* FavoritesView.swift */; };
		9F0A25FB29CCF5290014AD6B /* HomeView.swift in Sources */ = {isa = PBXBuildFile; fileRef = 9F0A25FA29CCF5290014AD6B /* HomeView.swift */; };
		9F0A25FD29CCF8660014AD6B /* SearchView.swift in Sources */ = {isa = PBXBuildFile; fileRef = 9F0A25FC29CCF8660014AD6B /* SearchView.swift */; };
/* End PBXBuildFile section */

/* Begin PBXFileReference section */
		9F0A25E529CC1A880014AD6B /* ChooseMyRecipe.app */ = {isa = PBXFileReference; explicitFileType = wrapper.application; includeInIndex = 0; path = ChooseMyRecipe.app; sourceTree = BUILT_PRODUCTS_DIR; };
		9F0A25E829CC1A880014AD6B /* ChooseMyRecipeApp.swift */ = {isa = PBXFileReference; lastKnownFileType = sourcecode.swift; path = ChooseMyRecipeApp.swift; sourceTree = "<group>"; };
		9F0A25EA29CC1A880014AD6B /* ContentView.swift */ = {isa = PBXFileReference; lastKnownFileType = sourcecode.swift; path = ContentView.swift; sourceTree = "<group>"; };
		9F0A25EC29CC1A8B0014AD6B /* Assets.xcassets */ = {isa = PBXFileReference; lastKnownFileType = folder.assetcatalog; path = Assets.xcassets; sourceTree = "<group>"; };
		9F0A25EF29CC1A8B0014AD6B /* Preview Assets.xcassets */ = {isa = PBXFileReference; lastKnownFileType = folder.assetcatalog; path = "Preview Assets.xcassets"; sourceTree = "<group>"; };
		9F0A25F829CCF3EF0014AD6B /* FavoritesView.swift */ = {isa = PBXFileReference; lastKnownFileType = sourcecode.swift; path = FavoritesView.swift; sourceTree = "<group>"; };
		9F0A25FA29CCF5290014AD6B /* HomeView.swift */ = {isa = PBXFileReference; lastKnownFileType = sourcecode.swift; path = HomeView.swift; sourceTree = "<group>"; };
		9F0A25FC29CCF8660014AD6B /* SearchView.swift */ = {isa = PBXFileReference; lastKnownFileType = sourcecode.swift; path = SearchView.swift; sourceTree = "<group>"; };
/* End PBXFileReference section */

/* Begin PBXFrameworksBuildPhase section */
		9F0A25E229CC1A880014AD6B /* Frameworks */ = {
			isa = PBXFrameworksBuildPhase;
			buildActionMask = 2147483647;
			files = (
			);
			runOnlyForDeploymentPostprocessing = 0;
		};
/* End PBXFrameworksBuildPhase section */

/* Begin PBXGroup section */
		9F0A25DC29CC1A880014AD6B = {
			isa = PBXGroup;
			children = (
				9F0A25E729CC1A880014AD6B /* ChooseMyRecipe */,
				9F0A25E629CC1A880014AD6B /* Products */,
			);
			sourceTree = "<group>";
		};
		9F0A25E629CC1A880014AD6B /* Products */ = {
			isa = PBXGroup;
			children = (
				9F0A25E529CC1A880014AD6B /* ChooseMyRecipe.app */,
			);
			name = Products;
			sourceTree = "<group>";
		};
		9F0A25E729CC1A880014AD6B /* ChooseMyRecipe */ = {
			isa = PBXGroup;
			children = (
				9F0A25E829CC1A880014AD6B /* ChooseMyRecipeApp.swift */,
				9F0A25EA29CC1A880014AD6B /* ContentView.swift */,
				9F0A25FA29CCF5290014AD6B /* HomeView.swift */,
				9F0A25FC29CCF8660014AD6B /* SearchView.swift */,
				9F0A25F829CCF3EF0014AD6B /* FavoritesView.swift */,
				9F0A25EC29CC1A8B0014AD6B /* Assets.xcassets */,
				9F0A25EE29CC1A8B0014AD6B /* Preview Content */,
			);
			path = ChooseMyRecipe;
			sourceTree = "<group>";
		};
		9F0A25EE29CC1A8B0014AD6B /* Preview Content */ = {
			isa = PBXGroup;
			children = (
				9F0A25EF29CC1A8B0014AD6B /* Preview Assets.xcassets */,
			);
			path = "Preview Content";
			sourceTree = "<group>";
		};
/* End PBXGroup section */

/* Begin PBXNativeTarget section */
		9F0A25E429CC1A880014AD6B /* ChooseMyRecipe */ = {
			isa = PBXNativeTarget;
			buildConfigurationList = 9F0A25F329CC1A8B0014AD6B /* Build configuration list for PBXNativeTarget "ChooseMyRecipe" */;
			buildPhases = (
				9F0A25E129CC1A880014AD6B /* Sources */,
				9F0A25E229CC1A880014AD6B /* Frameworks */,
				9F0A25E329CC1A880014AD6B /* Resources */,
			);
			buildRules = (
			);
			dependencies = (
			);
			name = ChooseMyRecipe;
			productName = ChooseMyRecipe;
			productReference = 9F0A25E529CC1A880014AD6B /* ChooseMyRecipe.app */;
			productType = "com.apple.product-type.application";
		};
/* End PBXNativeTarget section */

/* Begin PBXProject section */
		9F0A25DD29CC1A880014AD6B /* Project object */ = {
			isa = PBXProject;
			attributes = {
				BuildIndependentTargetsInParallel = 1;
				LastSwiftUpdateCheck = 1420;
				LastUpgradeCheck = 1420;
				TargetAttributes = {
					9F0A25E429CC1A880014AD6B = {
						CreatedOnToolsVersion = 14.2;
					};
				};
			};
			buildConfigurationList = 9F0A25E029CC1A880014AD6B /* Build configuration list for PBXProject "ChooseMyRecipe" */;
			compatibilityVersion = "Xcode 14.0";
			developmentRegion = en;
			hasScannedForEncodings = 0;
			knownRegions = (
				en,
				Base,
			);
			mainGroup = 9F0A25DC29CC1A880014AD6B;
			productRefGroup = 9F0A25E629CC1A880014AD6B /* Products */;
			projectDirPath = "";
			projectRoot = "";
			targets = (
				9F0A25E429CC1A880014AD6B /* ChooseMyRecipe */,
			);
		};
/* End PBXProject section */

/* Begin PBXResourcesBuildPhase section */
		9F0A25E329CC1A880014AD6B /* Resources */ = {
			isa = PBXResourcesBuildPhase;
			buildActionMask = 2147483647;
			files = (
				9F0A25F029CC1A8B0014AD6B /* Preview Assets.xcassets in Resources */,
				9F0A25ED29CC1A8B0014AD6B /* Assets.xcassets in Resources */,
			);
			runOnlyForDeploymentPostprocessing = 0;
		};
/* End PBXResourcesBuildPhase section */

/* Begin PBXSourcesBuildPhase section */
		9F0A25E129CC1A880014AD6B /* Sources */ = {
			isa = PBXSourcesBuildPhase;
			buildActionMask = 2147483647;
			files = (
				9F0A25FD29CCF8660014AD6B /* SearchView.swift in Sources */,
				9F0A25EB29CC1A880014AD6B /* ContentView.swift in Sources */,
				9F0A25FB29CCF5290014AD6B /* HomeView.swift in Sources */,
				9F0A25E929CC1A880014AD6B /* ChooseMyRecipeApp.swift in Sources */,
				9F0A25F929CCF3EF0014AD6B /* FavoritesView.swift in Sources */,
			);
			runOnlyForDeploymentPostprocessing = 0;
		};
/* End PBXSourcesBuildPhase section */

/* Begin XCBuildConfiguration section */
		9F0A25F129CC1A8B0014AD6B /* Debug */ = {
			isa = XCBuildConfiguration;
			buildSettings = {
				ALWAYS_SEARCH_USER_PATHS = NO;
				CLANG_ANALYZER_NONNULL = YES;
				CLANG_ANALYZER_NUMBER_OBJECT_CONVERSION = YES_AGGRESSIVE;
				CLANG_CXX_LANGUAGE_STANDARD = "gnu++20";
				CLANG_ENABLE_MODULES = YES;
				CLANG_ENABLE_OBJC_ARC = YES;
				CLANG_ENABLE_OBJC_WEAK = YES;
				CLANG_WARN_BLOCK_CAPTURE_AUTORELEASING = YES;
				CLANG_WARN_BOOL_CONVERSION = YES;
				CLANG_WARN_COMMA = YES;
				CLANG_WARN_CONSTANT_CONVERSION = YES;
				CLANG_WARN_DEPRECATED_OBJC_IMPLEMENTATIONS = YES;
				CLANG_WARN_DIRECT_OBJC_ISA_USAGE = YES_ERROR;
				CLANG_WARN_DOCUMENTATION_COMMENTS = YES;
				CLANG_WARN_EMPTY_BODY = YES;
				CLANG_WARN_ENUM_CONVERSION = YES;
				CLANG_WARN_INFINITE_RECURSION = YES;
				CLANG_WARN_INT_CONVERSION = YES;
				CLANG_WARN_NON_LITERAL_NULL_CONVERSION = YES;
				CLANG_WARN_OBJC_IMPLICIT_RETAIN_SELF = YES;
				CLANG_WARN_OBJC_LITERAL_CONVERSION = YES;
				CLANG_WARN_OBJC_ROOT_CLASS = YES_ERROR;
				CLANG_WARN_QUOTED_INCLUDE_IN_FRAMEWORK_HEADER = YES;
				CLANG_WARN_RANGE_LOOP_ANALYSIS = YES;
				CLANG_WARN_STRICT_PROTOTYPES = YES;
				CLANG_WARN_SUSPICIOUS_MOVE = YES;
				CLANG_WARN_UNGUARDED_AVAILABILITY = YES_AGGRESSIVE;
				CLANG_WARN_UNREACHABLE_CODE = YES;
				CLANG_WARN__DUPLICATE_METHOD_MATCH = YES;
				COPY_PHASE_STRIP = NO;
				DEBUG_INFORMATION_FORMAT = dwarf;
				ENABLE_STRICT_OBJC_MSGSEND = YES;
				ENABLE_TESTABILITY = YES;
				GCC_C_LANGUAGE_STANDARD = gnu11;
				GCC_DYNAMIC_NO_PIC = NO;
				GCC_NO_COMMON_BLOCKS = YES;
				GCC_OPTIMIZATION_LEVEL = 0;
				GCC_PREPROCESSOR_DEFINITIONS = (
					"DEBUG=1",
					"$(inherited)",
				);
				GCC_WARN_64_TO_32_BIT_CONVERSION = YES;
				GCC_WARN_ABOUT_RETURN_TYPE = YES_ERROR;
				GCC_WARN_UNDECLARED_SELECTOR = YES;
				GCC_WARN_UNINITIALIZED_AUTOS = YES_AGGRESSIVE;
				GCC_WARN_UNUSED_FUNCTION = YES;
				GCC_WARN_UNUSED_VARIABLE = YES;
				IPHONEOS_DEPLOYMENT_TARGET = 16.2;
				MTL_ENABLE_DEBUG_INFO = INCLUDE_SOURCE;
				MTL_FAST_MATH = YES;
				ONLY_ACTIVE_ARCH = YES;
				SDKROOT = iphoneos;
				SWIFT_ACTIVE_COMPILATION_CONDITIONS = DEBUG;
				SWIFT_OPTIMIZATION_LEVEL = "-Onone";
			};
			name = Debug;
		};
		9F0A25F229CC1A8B0014AD6B /* Release */ = {
			isa = XCBuildConfiguration;
			buildSettings = {
				ALWAYS_SEARCH_USER_PATHS = NO;
				CLANG_ANALYZER_NONNULL = YES;
				CLANG_ANALYZER_NUMBER_OBJECT_CONVERSION = YES_AGGRESSIVE;
				CLANG_CXX_LANGUAGE_STANDARD = "gnu++20";
				CLANG_ENABLE_MODULES = YES;
				CLANG_ENABLE_OBJC_ARC = YES;
				CLANG_ENABLE_OBJC_WEAK = YES;
				CLANG_WARN_BLOCK_CAPTURE_AUTORELEASING = YES;
				CLANG_WARN_BOOL_CONVERSION = YES;
				CLANG_WARN_COMMA = YES;
				CLANG_WARN_CONSTANT_CONVERSION = YES;
				CLANG_WARN_DEPRECATED_OBJC_IMPLEMENTATIONS = YES;
				CLANG_WARN_DIRECT_OBJC_ISA_USAGE = YES_ERROR;
				CLANG_WARN_DOCUMENTATION_COMMENTS = YES;
				CLANG_WARN_EMPTY_BODY = YES;
				CLANG_WARN_ENUM_CONVERSION = YES;
				CLANG_WARN_INFINITE_RECURSION = YES;
				CLANG_WARN_INT_CONVERSION = YES;
				CLANG_WARN_NON_LITERAL_NULL_CONVERSION = YES;
				CLANG_WARN_OBJC_IMPLICIT_RETAIN_SELF = YES;
				CLANG_WARN_OBJC_LITERAL_CONVERSION = YES;
				CLANG_WARN_OBJC_ROOT_CLASS = YES_ERROR;
				CLANG_WARN_QUOTED_INCLUDE_IN_FRAMEWORK_HEADER = YES;
				CLANG_WARN_RANGE_LOOP_ANALYSIS = YES;
				CLANG_WARN_STRICT_PROTOTYPES = YES;
				CLANG_WARN_SUSPICIOUS_MOVE = YES;
				CLANG_WARN_UNGUARDED_AVAILABILITY = YES_AGGRESSIVE;
				CLANG_WARN_UNREACHABLE_CODE = YES;
				CLANG_WARN__DUPLICATE_METHOD_MATCH = YES;
				COPY_PHASE_STRIP = NO;
				DEBUG_INFORMATION_FORMAT = "dwarf-with-dsym";
				ENABLE_NS_ASSERTIONS = NO;
				ENABLE_STRICT_OBJC_MSGSEND = YES;
				GCC_C_LANGUAGE_STANDARD = gnu11;
				GCC_NO_COMMON_BLOCKS = YES;
				GCC_WARN_64_TO_32_BIT_CONVERSION = YES;
				GCC_WARN_ABOUT_RETURN_TYPE = YES_ERROR;
				GCC_WARN_UNDECLARED_SELECTOR = YES;
				GCC_WARN_UNINITIALIZED_AUTOS = YES_AGGRESSIVE;
				GCC_WARN_UNUSED_FUNCTION = YES;
				GCC_WARN_UNUSED_VARIABLE = YES;
				IPHONEOS_DEPLOYMENT_TARGET = 16.2;
				MTL_ENABLE_DEBUG_INFO = NO;
				MTL_FAST_MATH = YES;
				SDKROOT = iphoneos;
				SWIFT_COMPILATION_MODE = wholemodule;
				SWIFT_OPTIMIZATION_LEVEL = "-O";
				VALIDATE_PRODUCT = YES;
			};
			name = Release;
		};
		9F0A25F429CC1A8B0014AD6B /* Debug */ = {
			isa = XCBuildConfiguration;
			buildSettings = {
				ASSETCATALOG_COMPILER_APPICON_NAME = AppIcon;
				ASSETCATALOG_COMPILER_GLOBAL_ACCENT_COLOR_NAME = AccentColor;
				CODE_SIGN_STYLE = Automatic;
				CURRENT_PROJECT_VERSION = 1;
				DEVELOPMENT_ASSET_PATHS = "\"ChooseMyRecipe/Preview Content\"";
				DEVELOPMENT_TEAM = K74MB78FS8;
				ENABLE_PREVIEWS = YES;
				GENERATE_INFOPLIST_FILE = YES;
				INFOPLIST_KEY_UIApplicationSceneManifest_Generation = YES;
				INFOPLIST_KEY_UIApplicationSupportsIndirectInputEvents = YES;
				INFOPLIST_KEY_UILaunchScreen_Generation = YES;
				INFOPLIST_KEY_UISupportedInterfaceOrientations_iPad = "UIInterfaceOrientationPortrait UIInterfaceOrientationPortraitUpsideDown UIInterfaceOrientationLandscapeLeft UIInterfaceOrientationLandscapeRight";
				INFOPLIST_KEY_UISupportedInterfaceOrientations_iPhone = "UIInterfaceOrientationPortrait UIInterfaceOrientationLandscapeLeft UIInterfaceOrientationLandscapeRight";
				LD_RUNPATH_SEARCH_PATHS = (
					"$(inherited)",
					"@executable_path/Frameworks",
				);
				MARKETING_VERSION = 1.0;
				PRODUCT_BUNDLE_IDENTIFIER = "Steven-Guo.ChooseMyRecipe";
				PRODUCT_NAME = "$(TARGET_NAME)";
				SWIFT_EMIT_LOC_STRINGS = YES;
				SWIFT_VERSION = 5.0;
				TARGETED_DEVICE_FAMILY = "1,2";
			};
			name = Debug;
		};
		9F0A25F529CC1A8B0014AD6B /* Release */ = {
			isa = XCBuildConfiguration;
			buildSettings = {
				ASSETCATALOG_COMPILER_APPICON_NAME = AppIcon;
				ASSETCATALOG_COMPILER_GLOBAL_ACCENT_COLOR_NAME = AccentColor;
				CODE_SIGN_STYLE = Automatic;
				CURRENT_PROJECT_VERSION = 1;
				DEVELOPMENT_ASSET_PATHS = "\"ChooseMyRecipe/Preview Content\"";
				DEVELOPMENT_TEAM = K74MB78FS8;
				ENABLE_PREVIEWS = YES;
				GENERATE_INFOPLIST_FILE = YES;
				INFOPLIST_KEY_UIApplicationSceneManifest_Generation = YES;
				INFOPLIST_KEY_UIApplicationSupportsIndirectInputEvents = YES;
				INFOPLIST_KEY_UILaunchScreen_Generation = YES;
				INFOPLIST_KEY_UISupportedInterfaceOrientations_iPad = "UIInterfaceOrientationPortrait UIInterfaceOrientationPortraitUpsideDown UIInterfaceOrientationLandscapeLeft UIInterfaceOrientationLandscapeRight";
				INFOPLIST_KEY_UISupportedInterfaceOrientations_iPhone = "UIInterfaceOrientationPortrait UIInterfaceOrientationLandscapeLeft UIInterfaceOrientationLandscapeRight";
				LD_RUNPATH_SEARCH_PATHS = (
					"$(inherited)",
					"@executable_path/Frameworks",
				);
				MARKETING_VERSION = 1.0;
				PRODUCT_BUNDLE_IDENTIFIER = "Steven-Guo.ChooseMyRecipe";
				PRODUCT_NAME = "$(TARGET_NAME)";
				SWIFT_EMIT_LOC_STRINGS = YES;
				SWIFT_VERSION = 5.0;
				TARGETED_DEVICE_FAMILY = "1,2";
			};
			name = Release;
		};
/* End XCBuildConfiguration section */

/* Begin XCConfigurationList section */
		9F0A25E029CC1A880014AD6B /* Build configuration list for PBXProject "ChooseMyRecipe" */ = {
			isa = XCConfigurationList;
			buildConfigurations = (
				9F0A25F129CC1A8B0014AD6B /* Debug */,
				9F0A25F229CC1A8B0014AD6B /* Release */,
			);
			defaultConfigurationIsVisible = 0;
			defaultConfigurationName = Release;
		};
		9F0A25F329CC1A8B0014AD6B /* Build configuration list for PBXNativeTarget "ChooseMyRecipe" */ = {
			isa = XCConfigurationList;
			buildConfigurations = (
				9F0A25F429CC1A8B0014AD6B /* Debug */,
				9F0A25F529CC1A8B0014AD6B /* Release */,
			);
			defaultConfigurationIsVisible = 0;
			defaultConfigurationName = Release;
		};
/* End XCConfigurationList section */
	};
	rootObject = 9F0A25DD29CC1A880014AD6B /* Project object */;
}
